{
  "name": "@jasonsbarr/custom-hooks",
  "version": "0.3.0",
  "lockfileVersion": 1,
  "requires": true,
  "dependencies": {
    "@jasonsbarr/reducer-utils": {
      "version": "0.3.0",
      "resolved": "https://registry.npmjs.org/@jasonsbarr/reducer-utils/-/reducer-utils-0.3.0.tgz",
      "integrity": "sha512-IpRFdkm0dPf0PF13q2m3QGrjvfg2Pxx0aIcH7b2MYMMGRGsK9KwHy5q0l9DiYwlHYAwod6g4+4NY4ZcPPUGl0Q=="
    },
    "axios": {
      "version": "0.21.1",
      "resolved": "https://registry.npmjs.org/axios/-/axios-0.21.1.tgz",
      "integrity": "sha512-dKQiRHxGD9PPRIUNIWvZhPTPpl1rf/OxTYKsqKUDjBwYylTvV7SjSHJb9ratfyzM6wCdLCOYLzs73qpg5c4iGA==",
      "requires": {
        "follow-redirects": "^1.10.0"
      }
    },
    "follow-redirects": {
      "version": "1.13.1",
      "resolved": "https://registry.npmjs.org/follow-redirects/-/follow-redirects-1.13.1.tgz",
      "integrity": "sha512-SSG5xmZh1mkPGyKzjZP8zLjltIfpW32Y5QpdNJyjcfGxK3qo3NDDkZOZSFiGn1A6SclQxY9GzEwAHQ3dmYRWpg=="
    }
  }
}
